
Microsoft Visual Studio Solution File, Format Version 12.00
Project("{FAE04EC0-301F-11D3-BF4B-00C04F79EFBC}") = "Shakespeare", "Shakespeare\Shakespeare.csproj", "{675C8068-9F46-4120-8F58-C23E29D1837F}"
EndProject
Project("{FAE04EC0-301F-11D3-BF4B-00C04F79EFBC}") = "AirportQueueSystem", "AirportQueueSystem\AirportQueueSystem.csproj", "{1BBF1429-97A5-475D-8CAC-8BA69F6A1E7C}"
EndProject
Project("{FAE04EC0-301F-11D3-BF4B-00C04F79EFBC}") = "SearchingShakespeare", "SearchingShakespeare\SearchingShakespeare.csproj", "{BAF0D328-A2D4-49C1-BDEC-8068EF82E093}"
EndProject
Project("{FAE04EC0-301F-11D3-BF4B-00C04F79EFBC}") = "AirlineRoutingSystem", "AirlineRoutingSystem\AirlineRoutingSystem.csproj", "{BA21C6E8-04CE-4758-9D54-29B15938DF42}"
EndProject
Global
	GlobalSection(SolutionConfigurationPlatforms) = preSolution
		Debug|Any CPU = Debug|Any CPU
		Release|Any CPU = Release|Any CPU
	EndGlobalSection
	GlobalSection(ProjectConfigurationPlatforms) = postSolution
		{675C8068-9F46-4120-8F58-C23E29D1837F}.Debug|Any CPU.ActiveCfg = Debug|Any CPU
		{675C8068-9F46-4120-8F58-C23E29D1837F}.Debug|Any CPU.Build.0 = Debug|Any CPU
		{675C8068-9F46-4120-8F58-C23E29D1837F}.Release|Any CPU.ActiveCfg = Release|Any CPU
		{675C8068-9F46-4120-8F58-C23E29D1837F}.Release|Any CPU.Build.0 = Release|Any CPU
		{1BBF1429-97A5-475D-8CAC-8BA69F6A1E7C}.Debug|Any CPU.ActiveCfg = Debug|Any CPU
		{1BBF1429-97A5-475D-8CAC-8BA69F6A1E7C}.Debug|Any CPU.Build.0 = Debug|Any CPU
		{1BBF1429-97A5-475D-8CAC-8BA69F6A1E7C}.Release|Any CPU.ActiveCfg = Release|Any CPU
		{1BBF1429-97A5-475D-8CAC-8BA69F6A1E7C}.Release|Any CPU.Build.0 = Release|Any CPU
		{BAF0D328-A2D4-49C1-BDEC-8068EF82E093}.Debug|Any CPU.ActiveCfg = Debug|Any CPU
		{BAF0D328-A2D4-49C1-BDEC-8068EF82E093}.Debug|Any CPU.Build.0 = Debug|Any CPU
		{BAF0D328-A2D4-49C1-BDEC-8068EF82E093}.Release|Any CPU.ActiveCfg = Release|Any CPU
		{BAF0D328-A2D4-49C1-BDEC-8068EF82E093}.Release|Any CPU.Build.0 = Release|Any CPU
		{BA21C6E8-04CE-4758-9D54-29B15938DF42}.Debug|Any CPU.ActiveCfg = Debug|Any CPU
		{BA21C6E8-04CE-4758-9D54-29B15938DF42}.Debug|Any CPU.Build.0 = Debug|Any CPU
		{BA21C6E8-04CE-4758-9D54-29B15938DF42}.Release|Any CPU.ActiveCfg = Release|Any CPU
		{BA21C6E8-04CE-4758-9D54-29B15938DF42}.Release|Any CPU.Build.0 = Release|Any CPU
	EndGlobalSection
EndGlobal
